
Microsoft Visual Studio Solution File, Format Version 12.00
# Visual Studio Version 16
VisualStudioVersion = 16.0.28606.126
MinimumVisualStudioVersion = 10.0.40219.1
Project("{9A19103F-16F7-4668-BE54-9A1E7A4F7556}") = "CreditCardChecker", "CreditCardChecker\CreditCardChecker.csproj", "{1ED0D76E-133A-42D4-82F2-5962C526CFAD}"
EndProject
Project("{9A19103F-16F7-4668-BE54-9A1E7A4F7556}") = "CreditCardChecker.Test", "CreditCardChecker.Test\CreditCardChecker.Test.csproj", "{B75CF62A-E019-4676-BAEB-0EA27DF4BE92}"
EndProject
Global
	GlobalSection(SolutionConfigurationPlatforms) = preSolution
		Debug|Any CPU = Debug|Any CPU
		Release|Any CPU = Release|Any CPU
	EndGlobalSection
	GlobalSection(ProjectConfigurationPlatforms) = postSolution
		{1ED0D76E-133A-42D4-82F2-5962C526CFAD}.Debug|Any CPU.ActiveCfg = Debug|Any CPU
		{1ED0D76E-133A-42D4-82F2-5962C526CFAD}.Debug|Any CPU.Build.0 = Debug|Any CPU
		{1ED0D76E-133A-42D4-82F2-5962C526CFAD}.Release|Any CPU.ActiveCfg = Release|Any CPU
		{1ED0D76E-133A-42D4-82F2-5962C526CFAD}.Release|Any CPU.Build.0 = Release|Any CPU
		{B75CF62A-E019-4676-BAEB-0EA27DF4BE92}.Debug|Any CPU.ActiveCfg = Debug|Any CPU
		{B75CF62A-E019-4676-BAEB-0EA27DF4BE92}.Debug|Any CPU.Build.0 = Debug|Any CPU
		{B75CF62A-E019-4676-BAEB-0EA27DF4BE92}.Release|Any CPU.ActiveCfg = Release|Any CPU
		{B75CF62A-E019-4676-BAEB-0EA27DF4BE92}.Release|Any CPU.Build.0 = Release|Any CPU
	EndGlobalSection
	GlobalSection(SolutionProperties) = preSolution
		HideSolutionNode = FALSE
	EndGlobalSection
	GlobalSection(ExtensibilityGlobals) = postSolution
		SolutionGuid = {F9D53FA4-97CD-4979-B5C9-44FA9CFDE9CB}
	EndGlobalSection
EndGlobal
